
Microsoft Visual Studio Solution File, Format Version 12.00
# Visual Studio Version 17
VisualStudioVersion = 17.7.34009.444
MinimumVisualStudioVersion = 10.0.40219.1
Project("{FAE04EC0-301F-11D3-BF4B-00C04F79EFBC}") = "uzduotis8", "uzduotis8\uzduotis8.csproj", "{C95594BB-6416-457F-BFB0-62B3ACDC084A}"
EndProject
Global
	GlobalSection(SolutionConfigurationPlatforms) = preSolution
		Debug|Any CPU = Debug|Any CPU
		Release|Any CPU = Release|Any CPU
	EndGlobalSection
	GlobalSection(ProjectConfigurationPlatforms) = postSolution
		{C95594BB-6416-457F-BFB0-62B3ACDC084A}.Debug|Any CPU.ActiveCfg = Debug|Any CPU
		{C95594BB-6416-457F-BFB0-62B3ACDC084A}.Debug|Any CPU.Build.0 = Debug|Any CPU
		{C95594BB-6416-457F-BFB0-62B3ACDC084A}.Release|Any CPU.ActiveCfg = Release|Any CPU
		{C95594BB-6416-457F-BFB0-62B3ACDC084A}.Release|Any CPU.Build.0 = Release|Any CPU
	EndGlobalSection
	GlobalSection(SolutionProperties) = preSolution
		HideSolutionNode = FALSE
	EndGlobalSection
	GlobalSection(ExtensibilityGlobals) = postSolution
		SolutionGuid = {76EB0808-6CBE-4311-97F2-B62E0DA167EB}
	EndGlobalSection
EndGlobal
